
Microsoft Visual Studio Solution File, Format Version 12.00
# Visual Studio Version 17
VisualStudioVersion = 17.5.002.0
MinimumVisualStudioVersion = 10.0.40219.1
Project("{9A19103F-16F7-4668-BE54-9A1E7A4F7556}") = "eklasaFantasy.AppHost", "eklasaFantasy.AppHost\eklasaFantasy.AppHost.csproj", "{C96D7050-3DBE-4FB3-9927-352CFE0587D7}"
EndProject
Project("{9A19103F-16F7-4668-BE54-9A1E7A4F7556}") = "eklasaFantasy.ServiceDefaults", "eklasaFantasy.ServiceDefaults\eklasaFantasy.ServiceDefaults.csproj", "{675750A2-C756-4A7B-A8C4-B249FF9D3039}"
EndProject
Project("{9A19103F-16F7-4668-BE54-9A1E7A4F7556}") = "Fixtures.API", "Fixtures.API\Fixtures.API.csproj", "{35A198C1-E60B-4898-9A5D-2D37EA4643FF}"
EndProject
Project("{9A19103F-16F7-4668-BE54-9A1E7A4F7556}") = "Identity.API", "Identity.API\Identity.API.csproj", "{60B6EAFE-AFD3-48B7-B8CC-2C819498A51B}"
EndProject
Project("{9A19103F-16F7-4668-BE54-9A1E7A4F7556}") = "Identity.MigrationService", "Identity.MigrationService\Identity.MigrationService.csproj", "{B02B3B7D-22D8-4A46-B0C0-137E0383D483}"
EndProject
Global
	GlobalSection(SolutionConfigurationPlatforms) = preSolution
		Debug|Any CPU = Debug|Any CPU
		Release|Any CPU = Release|Any CPU
	EndGlobalSection
	GlobalSection(ProjectConfigurationPlatforms) = postSolution
		{C96D7050-3DBE-4FB3-9927-352CFE0587D7}.Debug|Any CPU.ActiveCfg = Debug|Any CPU
		{C96D7050-3DBE-4FB3-9927-352CFE0587D7}.Debug|Any CPU.Build.0 = Debug|Any CPU
		{C96D7050-3DBE-4FB3-9927-352CFE0587D7}.Release|Any CPU.ActiveCfg = Release|Any CPU
		{C96D7050-3DBE-4FB3-9927-352CFE0587D7}.Release|Any CPU.Build.0 = Release|Any CPU
		{675750A2-C756-4A7B-A8C4-B249FF9D3039}.Debug|Any CPU.ActiveCfg = Debug|Any CPU
		{675750A2-C756-4A7B-A8C4-B249FF9D3039}.Debug|Any CPU.Build.0 = Debug|Any CPU
		{675750A2-C756-4A7B-A8C4-B249FF9D3039}.Release|Any CPU.ActiveCfg = Release|Any CPU
		{675750A2-C756-4A7B-A8C4-B249FF9D3039}.Release|Any CPU.Build.0 = Release|Any CPU
		{35A198C1-E60B-4898-9A5D-2D37EA4643FF}.Debug|Any CPU.ActiveCfg = Debug|Any CPU
		{35A198C1-E60B-4898-9A5D-2D37EA4643FF}.Debug|Any CPU.Build.0 = Debug|Any CPU
		{35A198C1-E60B-4898-9A5D-2D37EA4643FF}.Release|Any CPU.ActiveCfg = Release|Any CPU
		{35A198C1-E60B-4898-9A5D-2D37EA4643FF}.Release|Any CPU.Build.0 = Release|Any CPU
		{60B6EAFE-AFD3-48B7-B8CC-2C819498A51B}.Debug|Any CPU.ActiveCfg = Debug|Any CPU
		{60B6EAFE-AFD3-48B7-B8CC-2C819498A51B}.Debug|Any CPU.Build.0 = Debug|Any CPU
		{60B6EAFE-AFD3-48B7-B8CC-2C819498A51B}.Release|Any CPU.ActiveCfg = Release|Any CPU
		{60B6EAFE-AFD3-48B7-B8CC-2C819498A51B}.Release|Any CPU.Build.0 = Release|Any CPU
		{B02B3B7D-22D8-4A46-B0C0-137E0383D483}.Debug|Any CPU.ActiveCfg = Debug|Any CPU
		{B02B3B7D-22D8-4A46-B0C0-137E0383D483}.Debug|Any CPU.Build.0 = Debug|Any CPU
		{B02B3B7D-22D8-4A46-B0C0-137E0383D483}.Release|Any CPU.ActiveCfg = Release|Any CPU
		{B02B3B7D-22D8-4A46-B0C0-137E0383D483}.Release|Any CPU.Build.0 = Release|Any CPU
	EndGlobalSection
	GlobalSection(SolutionProperties) = preSolution
		HideSolutionNode = FALSE
	EndGlobalSection
	GlobalSection(ExtensibilityGlobals) = postSolution
		SolutionGuid = {99B00032-DE7F-456C-9819-32BB841BE7C2}
	EndGlobalSection
EndGlobal
